
Microsoft Visual Studio Solution File, Format Version 12.00
# Visual Studio Version 17
VisualStudioVersion = 17.0.31903.59
MinimumVisualStudioVersion = 10.0.40219.1
Project("{FAE04EC0-301F-11D3-BF4B-00C04F79EFBC}") = "API", "API\API.csproj", "{5BF1FEA7-8FF3-4828-93FE-2DE8722A8B27}"
EndProject
Project("{FAE04EC0-301F-11D3-BF4B-00C04F79EFBC}") = "Core", "Core\Core.csproj", "{F1CACC7C-BE7F-4A55-960D-4E8A47D95632}"
EndProject
Project("{FAE04EC0-301F-11D3-BF4B-00C04F79EFBC}") = "Infrastructure", "Infrastructure\Infrastructure.csproj", "{789BF1AA-9797-4025-A85A-FDB3F7B51972}"
EndProject
Global
	GlobalSection(SolutionConfigurationPlatforms) = preSolution
		Debug|Any CPU = Debug|Any CPU
		Release|Any CPU = Release|Any CPU
	EndGlobalSection
	GlobalSection(SolutionProperties) = preSolution
		HideSolutionNode = FALSE
	EndGlobalSection
	GlobalSection(ProjectConfigurationPlatforms) = postSolution
		{5BF1FEA7-8FF3-4828-93FE-2DE8722A8B27}.Debug|Any CPU.ActiveCfg = Debug|Any CPU
		{5BF1FEA7-8FF3-4828-93FE-2DE8722A8B27}.Debug|Any CPU.Build.0 = Debug|Any CPU
		{5BF1FEA7-8FF3-4828-93FE-2DE8722A8B27}.Release|Any CPU.ActiveCfg = Release|Any CPU
		{5BF1FEA7-8FF3-4828-93FE-2DE8722A8B27}.Release|Any CPU.Build.0 = Release|Any CPU
		{F1CACC7C-BE7F-4A55-960D-4E8A47D95632}.Debug|Any CPU.ActiveCfg = Debug|Any CPU
		{F1CACC7C-BE7F-4A55-960D-4E8A47D95632}.Debug|Any CPU.Build.0 = Debug|Any CPU
		{F1CACC7C-BE7F-4A55-960D-4E8A47D95632}.Release|Any CPU.ActiveCfg = Release|Any CPU
		{F1CACC7C-BE7F-4A55-960D-4E8A47D95632}.Release|Any CPU.Build.0 = Release|Any CPU
		{789BF1AA-9797-4025-A85A-FDB3F7B51972}.Debug|Any CPU.ActiveCfg = Debug|Any CPU
		{789BF1AA-9797-4025-A85A-FDB3F7B51972}.Debug|Any CPU.Build.0 = Debug|Any CPU
		{789BF1AA-9797-4025-A85A-FDB3F7B51972}.Release|Any CPU.ActiveCfg = Release|Any CPU
		{789BF1AA-9797-4025-A85A-FDB3F7B51972}.Release|Any CPU.Build.0 = Release|Any CPU
	EndGlobalSection
EndGlobal
